
Microsoft Visual Studio Solution File, Format Version 12.00
# Visual Studio Version 17
VisualStudioVersion = 17.8.34316.72
MinimumVisualStudioVersion = 10.0.40219.1
Project("{FAE04EC0-301F-11D3-BF4B-00C04F79EFBC}") = "WebApplication", "WebApplication.csproj", "{20290EC1-97BA-42A6-8A32-1BED3C4B361A}"
EndProject
Global
	GlobalSection(SolutionConfigurationPlatforms) = preSolution
		Debug|Any CPU = Debug|Any CPU
		Release|Any CPU = Release|Any CPU
	EndGlobalSection
	GlobalSection(ProjectConfigurationPlatforms) = postSolution
		{20290EC1-97BA-42A6-8A32-1BED3C4B361A}.Debug|Any CPU.ActiveCfg = Debug|Any CPU
		{20290EC1-97BA-42A6-8A32-1BED3C4B361A}.Debug|Any CPU.Build.0 = Debug|Any CPU
		{20290EC1-97BA-42A6-8A32-1BED3C4B361A}.Release|Any CPU.ActiveCfg = Release|Any CPU
		{20290EC1-97BA-42A6-8A32-1BED3C4B361A}.Release|Any CPU.Build.0 = Release|Any CPU
	EndGlobalSection
	GlobalSection(SolutionProperties) = preSolution
		HideSolutionNode = FALSE
	EndGlobalSection
	GlobalSection(ExtensibilityGlobals) = postSolution
		SolutionGuid = {923F4EB5-E685-48E0-B876-60F0A06AE232}
	EndGlobalSection
EndGlobal
